
Microsoft Visual Studio Solution File, Format Version 12.00
# Visual Studio Version 16
VisualStudioVersion = 16.0.31321.278
MinimumVisualStudioVersion = 10.0.40219.1
Project("{FAE04EC0-301F-11D3-BF4B-00C04F79EFBC}") = "InvestmentAdviser", "InvestmentAdviser\InvestmentAdviser.csproj", "{5F66345E-EC44-46E5-82E0-EF45F939588D}"
EndProject
Project("{2150E333-8FDC-42A3-9474-1A3956D46DE8}") = "Solution Items", "Solution Items", "{042B2AC1-B712-4CCE-8BB8-F52CBEC1ECE7}"
EndProject
Global
	GlobalSection(SolutionConfigurationPlatforms) = preSolution
		Debug|Any CPU = Debug|Any CPU
		Release|Any CPU = Release|Any CPU
	EndGlobalSection
	GlobalSection(ProjectConfigurationPlatforms) = postSolution
		{5F66345E-EC44-46E5-82E0-EF45F939588D}.Debug|Any CPU.ActiveCfg = Debug|Any CPU
		{5F66345E-EC44-46E5-82E0-EF45F939588D}.Debug|Any CPU.Build.0 = Debug|Any CPU
		{5F66345E-EC44-46E5-82E0-EF45F939588D}.Release|Any CPU.ActiveCfg = Release|Any CPU
		{5F66345E-EC44-46E5-82E0-EF45F939588D}.Release|Any CPU.Build.0 = Release|Any CPU
	EndGlobalSection
	GlobalSection(SolutionProperties) = preSolution
		HideSolutionNode = FALSE
	EndGlobalSection
	GlobalSection(ExtensibilityGlobals) = postSolution
		SolutionGuid = {6A1E174C-3965-4F95-8D6A-98DF07A82A77}
	EndGlobalSection
EndGlobal
